
Microsoft Visual Studio Solution File, Format Version 12.00
# Visual Studio Version 16
VisualStudioVersion = 16.0.30611.23
MinimumVisualStudioVersion = 10.0.40219.1
Project("{FAE04EC0-301F-11D3-BF4B-00C04F79EFBC}") = "AppEjemplo01", "..\AppEjemplo01\AppEjemplo01.csproj", "{3591CA03-AE8D-4AD7-9788-BCF3CF70E4AF}"
EndProject
Global
	GlobalSection(SolutionConfigurationPlatforms) = preSolution
		Debug|Any CPU = Debug|Any CPU
		Release|Any CPU = Release|Any CPU
	EndGlobalSection
	GlobalSection(ProjectConfigurationPlatforms) = postSolution
		{3591CA03-AE8D-4AD7-9788-BCF3CF70E4AF}.Debug|Any CPU.ActiveCfg = Debug|Any CPU
		{3591CA03-AE8D-4AD7-9788-BCF3CF70E4AF}.Debug|Any CPU.Build.0 = Debug|Any CPU
		{3591CA03-AE8D-4AD7-9788-BCF3CF70E4AF}.Release|Any CPU.ActiveCfg = Release|Any CPU
		{3591CA03-AE8D-4AD7-9788-BCF3CF70E4AF}.Release|Any CPU.Build.0 = Release|Any CPU
	EndGlobalSection
	GlobalSection(SolutionProperties) = preSolution
		HideSolutionNode = FALSE
	EndGlobalSection
	GlobalSection(ExtensibilityGlobals) = postSolution
		SolutionGuid = {167D3FFC-6F57-45D7-A1DE-6717CFD8B3AA}
	EndGlobalSection
EndGlobal
